// !$*UTF8*$!
{
	archiveVersion = 1;
	classes = {
	};
	objectVersion = 52;
	objects = {

/* Begin PBXBuildFile section */
		02802AE627FB6F1600C9EE50 /* GoogleService-Info.plist in Resources */ = {isa = PBXBuildFile; fileRef = 02802AE527FB6F1600C9EE50 /* GoogleService-Info.plist */; };
		02802AE927FB6F5B00C9EE50 /* FirebaseAnalytics in Frameworks */ = {isa = PBXBuildFile; productRef = 02802AE827FB6F5B00C9EE50 /* FirebaseAnalytics */; };
		02802AEB27FB6F5B00C9EE50 /* FirebaseAnalyticsSwift-Beta in Frameworks */ = {isa = PBXBuildFile; productRef = 02802AEA27FB6F5B00C9EE50 /* FirebaseAnalyticsSwift-Beta */; };
		02802AED27FB6F5B00C9EE50 /* FirebaseAnalyticsWithoutAdIdSupport in Frameworks */ = {isa = PBXBuildFile; productRef = 02802AEC27FB6F5B00C9EE50 /* FirebaseAnalyticsWithoutAdIdSupport */; };
		02802AEF27FB6F5B00C9EE50 /* FirebaseAppCheck in Frameworks */ = {isa = PBXBuildFile; productRef = 02802AEE27FB6F5B00C9EE50 /* FirebaseAppCheck */; };
		02802AF127FB6F5B00C9EE50 /* FirebaseAppDistribution-Beta in Frameworks */ = {isa = PBXBuildFile; productRef = 02802AF027FB6F5B00C9EE50 /* FirebaseAppDistribution-Beta */; };
		02802AF327FB6F5B00C9EE50 /* FirebaseAuth in Frameworks */ = {isa = PBXBuildFile; productRef = 02802AF227FB6F5B00C9EE50 /* FirebaseAuth */; };
		02802AF527FB6F5B00C9EE50 /* FirebaseAuthCombine-Community in Frameworks */ = {isa = PBXBuildFile; productRef = 02802AF427FB6F5B00C9EE50 /* FirebaseAuthCombine-Community */; };
		02802AF727FB6F5B00C9EE50 /* FirebaseCrashlytics in Frameworks */ = {isa = PBXBuildFile; productRef = 02802AF627FB6F5B00C9EE50 /* FirebaseCrashlytics */; };
		02802AF927FB6F5B00C9EE50 /* FirebaseDatabase in Frameworks */ = {isa = PBXBuildFile; productRef = 02802AF827FB6F5B00C9EE50 /* FirebaseDatabase */; };
		02802AFB27FB6F5B00C9EE50 /* FirebaseDatabaseSwift-Beta in Frameworks */ = {isa = PBXBuildFile; productRef = 02802AFA27FB6F5B00C9EE50 /* FirebaseDatabaseSwift-Beta */; };
		02802AFD27FB6F5B00C9EE50 /* FirebaseDynamicLinks in Frameworks */ = {isa = PBXBuildFile; productRef = 02802AFC27FB6F5B00C9EE50 /* FirebaseDynamicLinks */; };
		02802AFF27FB6F5B00C9EE50 /* FirebaseFirestore in Frameworks */ = {isa = PBXBuildFile; productRef = 02802AFE27FB6F5B00C9EE50 /* FirebaseFirestore */; };
		02802B0127FB6F5B00C9EE50 /* FirebaseFirestoreCombine-Community in Frameworks */ = {isa = PBXBuildFile; productRef = 02802B0027FB6F5B00C9EE50 /* FirebaseFirestoreCombine-Community */; };
		02802B0327FB6F5B00C9EE50 /* FirebaseFirestoreSwift-Beta in Frameworks */ = {isa = PBXBuildFile; productRef = 02802B0227FB6F5B00C9EE50 /* FirebaseFirestoreSwift-Beta */; };
		02802B0527FB6F5B00C9EE50 /* FirebaseFunctions in Frameworks */ = {isa = PBXBuildFile; productRef = 02802B0427FB6F5B00C9EE50 /* FirebaseFunctions */; };
		02802B0727FB6F5B00C9EE50 /* FirebaseFunctionsCombine-Community in Frameworks */ = {isa = PBXBuildFile; productRef = 02802B0627FB6F5B00C9EE50 /* FirebaseFunctionsCombine-Community */; };
		02802B0927FB6F5B00C9EE50 /* FirebaseFunctionsSwift-Beta in Frameworks */ = {isa = PBXBuildFile; productRef = 02802B0827FB6F5B00C9EE50 /* FirebaseFunctionsSwift-Beta */; };
		02802B0B27FB6F5B00C9EE50 /* FirebaseInAppMessaging-Beta in Frameworks */ = {isa = PBXBuildFile; productRef = 02802B0A27FB6F5B00C9EE50 /* FirebaseInAppMessaging-Beta */; };
		02802B0D27FB6F5B00C9EE50 /* FirebaseInAppMessagingSwift-Beta in Frameworks */ = {isa = PBXBuildFile; productRef = 02802B0C27FB6F5B00C9EE50 /* FirebaseInAppMessagingSwift-Beta */; };
		02802B0F27FB6F5B00C9EE50 /* FirebaseInstallations in Frameworks */ = {isa = PBXBuildFile; productRef = 02802B0E27FB6F5B00C9EE50 /* FirebaseInstallations */; };
		02802B1127FB6F5C00C9EE50 /* FirebaseMLModelDownloader in Frameworks */ = {isa = PBXBuildFile; productRef = 02802B1027FB6F5C00C9EE50 /* FirebaseMLModelDownloader */; };
		02802B1327FB6F5C00C9EE50 /* FirebaseMessaging in Frameworks */ = {isa = PBXBuildFile; productRef = 02802B1227FB6F5C00C9EE50 /* FirebaseMessaging */; };
		02802B1527FB6F5C00C9EE50 /* FirebasePerformance in Frameworks */ = {isa = PBXBuildFile; productRef = 02802B1427FB6F5C00C9EE50 /* FirebasePerformance */; };
		02802B1727FB6F5C00C9EE50 /* FirebaseRemoteConfig in Frameworks */ = {isa = PBXBuildFile; productRef = 02802B1627FB6F5C00C9EE50 /* FirebaseRemoteConfig */; };
		02802B1927FB6F5C00C9EE50 /* FirebaseRemoteConfigSwift-Beta in Frameworks */ = {isa = PBXBuildFile; productRef = 02802B1827FB6F5C00C9EE50 /* FirebaseRemoteConfigSwift-Beta */; };
		02802B1B27FB6F5C00C9EE50 /* FirebaseStorage in Frameworks */ = {isa = PBXBuildFile; productRef = 02802B1A27FB6F5C00C9EE50 /* FirebaseStorage */; };
		02802B1D27FB6F5C00C9EE50 /* FirebaseStorageCombine-Community in Frameworks */ = {isa = PBXBuildFile; productRef = 02802B1C27FB6F5C00C9EE50 /* FirebaseStorageCombine-Community */; };
		02802B1F27FB6F5C00C9EE50 /* FirebaseStorageSwift-Beta in Frameworks */ = {isa = PBXBuildFile; productRef = 02802B1E27FB6F5C00C9EE50 /* FirebaseStorageSwift-Beta */; };
		2FAD9763203C412B000D30F8 /* config.xml in Resources */ = {isa = PBXBuildFile; fileRef = 2FAD9762203C412B000D30F8 /* config.xml */; };
		50379B232058CBB4000EE86E /* capacitor.config.json in Resources */ = {isa = PBXBuildFile; fileRef = 50379B222058CBB4000EE86E /* capacitor.config.json */; };
		504EC3081FED79650016851F /* AppDelegate.swift in Sources */ = {isa = PBXBuildFile; fileRef = 504EC3071FED79650016851F /* AppDelegate.swift */; };
		504EC30D1FED79650016851F /* Main.storyboard in Resources */ = {isa = PBXBuildFile; fileRef = 504EC30B1FED79650016851F /* Main.storyboard */; };
		504EC30F1FED79650016851F /* Assets.xcassets in Resources */ = {isa = PBXBuildFile; fileRef = 504EC30E1FED79650016851F /* Assets.xcassets */; };
		504EC3121FED79650016851F /* LaunchScreen.storyboard in Resources */ = {isa = PBXBuildFile; fileRef = 504EC3101FED79650016851F /* LaunchScreen.storyboard */; };
		50B271D11FEDC1A000F3C39B /* public in Resources */ = {isa = PBXBuildFile; fileRef = 50B271D01FEDC1A000F3C39B /* public */; };
		A084ECDBA7D38E1E42DFC39D /* Pods_App.framework in Frameworks */ = {isa = PBXBuildFile; fileRef = AF277DCFFFF123FFC6DF26C7 /* Pods_App.framework */; };
/* End PBXBuildFile section */

/* Begin PBXFileReference section */
		02802AE527FB6F1600C9EE50 /* GoogleService-Info.plist */ = {isa = PBXFileReference; fileEncoding = 4; lastKnownFileType = text.plist.xml; path = "GoogleService-Info.plist"; sourceTree = "<group>"; };
		2FAD9762203C412B000D30F8 /* config.xml */ = {isa = PBXFileReference; lastKnownFileType = text.xml; path = config.xml; sourceTree = "<group>"; };
		50379B222058CBB4000EE86E /* capacitor.config.json */ = {isa = PBXFileReference; fileEncoding = 4; lastKnownFileType = text.json; path = capacitor.config.json; sourceTree = "<group>"; };
		504EC3041FED79650016851F /* App.app */ = {isa = PBXFileReference; explicitFileType = wrapper.application; includeInIndex = 0; path = App.app; sourceTree = BUILT_PRODUCTS_DIR; };
		504EC3071FED79650016851F /* AppDelegate.swift */ = {isa = PBXFileReference; lastKnownFileType = sourcecode.swift; path = AppDelegate.swift; sourceTree = "<group>"; };
		504EC30C1FED79650016851F /* Base */ = {isa = PBXFileReference; lastKnownFileType = file.storyboard; name = Base; path = Base.lproj/Main.storyboard; sourceTree = "<group>"; };
		504EC30E1FED79650016851F /* Assets.xcassets */ = {isa = PBXFileReference; lastKnownFileType = folder.assetcatalog; path = Assets.xcassets; sourceTree = "<group>"; };
		504EC3111FED79650016851F /* Base */ = {isa = PBXFileReference; lastKnownFileType = file.storyboard; name = Base; path = Base.lproj/LaunchScreen.storyboard; sourceTree = "<group>"; };
		504EC3131FED79650016851F /* Info.plist */ = {isa = PBXFileReference; lastKnownFileType = text.plist.xml; path = Info.plist; sourceTree = "<group>"; };
		50B271D01FEDC1A000F3C39B /* public */ = {isa = PBXFileReference; lastKnownFileType = folder; path = public; sourceTree = "<group>"; };
		AF277DCFFFF123FFC6DF26C7 /* Pods_App.framework */ = {isa = PBXFileReference; explicitFileType = wrapper.framework; includeInIndex = 0; path = Pods_App.framework; sourceTree = BUILT_PRODUCTS_DIR; };
		AF51FD2D460BCFE21FA515B2 /* Pods-App.release.xcconfig */ = {isa = PBXFileReference; includeInIndex = 1; lastKnownFileType = text.xcconfig; name = "Pods-App.release.xcconfig"; path = "Pods/Target Support Files/Pods-App/Pods-App.release.xcconfig"; sourceTree = "<group>"; };
		FC68EB0AF532CFC21C3344DD /* Pods-App.debug.xcconfig */ = {isa = PBXFileReference; includeInIndex = 1; lastKnownFileType = text.xcconfig; name = "Pods-App.debug.xcconfig"; path = "Pods/Target Support Files/Pods-App/Pods-App.debug.xcconfig"; sourceTree = "<group>"; };
/* End PBXFileReference section */

/* Begin PBXFrameworksBuildPhase section */
		504EC3011FED79650016851F /* Frameworks */ = {
			isa = PBXFrameworksBuildPhase;
			buildActionMask = 2147483647;
			files = (
				02802AF927FB6F5B00C9EE50 /* FirebaseDatabase in Frameworks */,
				02802B0927FB6F5B00C9EE50 /* FirebaseFunctionsSwift-Beta in Frameworks */,
				02802B0D27FB6F5B00C9EE50 /* FirebaseInAppMessagingSwift-Beta in Frameworks */,
				02802B1327FB6F5C00C9EE50 /* FirebaseMessaging in Frameworks */,
				02802B0727FB6F5B00C9EE50 /* FirebaseFunctionsCombine-Community in Frameworks */,
				02802AFF27FB6F5B00C9EE50 /* FirebaseFirestore in Frameworks */,
				02802AEB27FB6F5B00C9EE50 /* FirebaseAnalyticsSwift-Beta in Frameworks */,
				02802AE927FB6F5B00C9EE50 /* FirebaseAnalytics in Frameworks */,
				02802B1127FB6F5C00C9EE50 /* FirebaseMLModelDownloader in Frameworks */,
				A084ECDBA7D38E1E42DFC39D /* Pods_App.framework in Frameworks */,
				02802AEF27FB6F5B00C9EE50 /* FirebaseAppCheck in Frameworks */,
				02802AED27FB6F5B00C9EE50 /* FirebaseAnalyticsWithoutAdIdSupport in Frameworks */,
				02802AF327FB6F5B00C9EE50 /* FirebaseAuth in Frameworks */,
				02802B1F27FB6F5C00C9EE50 /* FirebaseStorageSwift-Beta in Frameworks */,
				02802AF727FB6F5B00C9EE50 /* FirebaseCrashlytics in Frameworks */,
				02802B1527FB6F5C00C9EE50 /* FirebasePerformance in Frameworks */,
				02802B0B27FB6F5B00C9EE50 /* FirebaseInAppMessaging-Beta in Frameworks */,
				02802AFB27FB6F5B00C9EE50 /* FirebaseDatabaseSwift-Beta in Frameworks */,
				02802B1927FB6F5C00C9EE50 /* FirebaseRemoteConfigSwift-Beta in Frameworks */,
				02802AF127FB6F5B00C9EE50 /* FirebaseAppDistribution-Beta in Frameworks */,
				02802B0F27FB6F5B00C9EE50 /* FirebaseInstallations in Frameworks */,
				02802B1B27FB6F5C00C9EE50 /* FirebaseStorage in Frameworks */,
				02802B1727FB6F5C00C9EE50 /* FirebaseRemoteConfig in Frameworks */,
				02802B1D27FB6F5C00C9EE50 /* FirebaseStorageCombine-Community in Frameworks */,
				02802B0527FB6F5B00C9EE50 /* FirebaseFunctions in Frameworks */,
				02802AF527FB6F5B00C9EE50 /* FirebaseAuthCombine-Community in Frameworks */,
				02802B0327FB6F5B00C9EE50 /* FirebaseFirestoreSwift-Beta in Frameworks */,
				02802AFD27FB6F5B00C9EE50 /* FirebaseDynamicLinks in Frameworks */,
				02802B0127FB6F5B00C9EE50 /* FirebaseFirestoreCombine-Community in Frameworks */,
			);
			runOnlyForDeploymentPostprocessing = 0;
		};
/* End PBXFrameworksBuildPhase section */

/* Begin PBXGroup section */
		27E2DDA53C4D2A4D1A88CE4A /* Frameworks */ = {
			isa = PBXGroup;
			children = (
				AF277DCFFFF123FFC6DF26C7 /* Pods_App.framework */,
			);
			name = Frameworks;
			sourceTree = "<group>";
		};
		504EC2FB1FED79650016851F = {
			isa = PBXGroup;
			children = (
				504EC3061FED79650016851F /* App */,
				504EC3051FED79650016851F /* Products */,
				7F8756D8B27F46E3366F6CEA /* Pods */,
				27E2DDA53C4D2A4D1A88CE4A /* Frameworks */,
			);
			sourceTree = "<group>";
		};
		504EC3051FED79650016851F /* Products */ = {
			isa = PBXGroup;
			children = (
				504EC3041FED79650016851F /* App.app */,
			);
			name = Products;
			sourceTree = "<group>";
		};
		504EC3061FED79650016851F /* App */ = {
			isa = PBXGroup;
			children = (
				02802AE527FB6F1600C9EE50 /* GoogleService-Info.plist */,
				50379B222058CBB4000EE86E /* capacitor.config.json */,
				504EC3071FED79650016851F /* AppDelegate.swift */,
				504EC30B1FED79650016851F /* Main.storyboard */,
				504EC30E1FED79650016851F /* Assets.xcassets */,
				504EC3101FED79650016851F /* LaunchScreen.storyboard */,
				504EC3131FED79650016851F /* Info.plist */,
				2FAD9762203C412B000D30F8 /* config.xml */,
				50B271D01FEDC1A000F3C39B /* public */,
			);
			path = App;
			sourceTree = "<group>";
		};
		7F8756D8B27F46E3366F6CEA /* Pods */ = {
			isa = PBXGroup;
			children = (
				FC68EB0AF532CFC21C3344DD /* Pods-App.debug.xcconfig */,
				AF51FD2D460BCFE21FA515B2 /* Pods-App.release.xcconfig */,
			);
			name = Pods;
			sourceTree = "<group>";
		};
/* End PBXGroup section */

/* Begin PBXNativeTarget section */
		504EC3031FED79650016851F /* App */ = {
			isa = PBXNativeTarget;
			buildConfigurationList = 504EC3161FED79650016851F /* Build configuration list for PBXNativeTarget "App" */;
			buildPhases = (
				6634F4EFEBD30273BCE97C65 /* [CP] Check Pods Manifest.lock */,
				504EC3001FED79650016851F /* Sources */,
				504EC3011FED79650016851F /* Frameworks */,
				504EC3021FED79650016851F /* Resources */,
				9592DBEFFC6D2A0C8D5DEB22 /* [CP] Embed Pods Frameworks */,
			);
			buildRules = (
			);
			dependencies = (
			);
			name = App;
			packageProductDependencies = (
				02802AE827FB6F5B00C9EE50 /* FirebaseAnalytics */,
				02802AEA27FB6F5B00C9EE50 /* FirebaseAnalyticsSwift-Beta */,
				02802AEC27FB6F5B00C9EE50 /* FirebaseAnalyticsWithoutAdIdSupport */,
				02802AEE27FB6F5B00C9EE50 /* FirebaseAppCheck */,
				02802AF027FB6F5B00C9EE50 /* FirebaseAppDistribution-Beta */,
				02802AF227FB6F5B00C9EE50 /* FirebaseAuth */,
				02802AF427FB6F5B00C9EE50 /* FirebaseAuthCombine-Community */,
				02802AF627FB6F5B00C9EE50 /* FirebaseCrashlytics */,
				02802AF827FB6F5B00C9EE50 /* FirebaseDatabase */,
				02802AFA27FB6F5B00C9EE50 /* FirebaseDatabaseSwift-Beta */,
				02802AFC27FB6F5B00C9EE50 /* FirebaseDynamicLinks */,
				02802AFE27FB6F5B00C9EE50 /* FirebaseFirestore */,
				02802B0027FB6F5B00C9EE50 /* FirebaseFirestoreCombine-Community */,
				02802B0227FB6F5B00C9EE50 /* FirebaseFirestoreSwift-Beta */,
				02802B0427FB6F5B00C9EE50 /* FirebaseFunctions */,
				02802B0627FB6F5B00C9EE50 /* FirebaseFunctionsCombine-Community */,
				02802B0827FB6F5B00C9EE50 /* FirebaseFunctionsSwift-Beta */,
				02802B0A27FB6F5B00C9EE50 /* FirebaseInAppMessaging-Beta */,
				02802B0C27FB6F5B00C9EE50 /* FirebaseInAppMessagingSwift-Beta */,
				02802B0E27FB6F5B00C9EE50 /* FirebaseInstallations */,
				02802B1027FB6F5C00C9EE50 /* FirebaseMLModelDownloader */,
				02802B1227FB6F5C00C9EE50 /* FirebaseMessaging */,
				02802B1427FB6F5C00C9EE50 /* FirebasePerformance */,
				02802B1627FB6F5C00C9EE50 /* FirebaseRemoteConfig */,
				02802B1827FB6F5C00C9EE50 /* FirebaseRemoteConfigSwift-Beta */,
				02802B1A27FB6F5C00C9EE50 /* FirebaseStorage */,
				02802B1C27FB6F5C00C9EE50 /* FirebaseStorageCombine-Community */,
				02802B1E27FB6F5C00C9EE50 /* FirebaseStorageSwift-Beta */,
			);
			productName = App;
			productReference = 504EC3041FED79650016851F /* App.app */;
			productType = "com.apple.product-type.application";
		};
/* End PBXNativeTarget section */

/* Begin PBXProject section */
		504EC2FC1FED79650016851F /* Project object */ = {
			isa = PBXProject;
			attributes = {
				LastSwiftUpdateCheck = 0920;
				LastUpgradeCheck = 1330;
				TargetAttributes = {
					504EC3031FED79650016851F = {
						CreatedOnToolsVersion = 9.2;
						LastSwiftMigration = 1100;
						ProvisioningStyle = Automatic;
					};
				};
			};
			buildConfigurationList = 504EC2FF1FED79650016851F /* Build configuration list for PBXProject "App" */;
			compatibilityVersion = "Xcode 8.0";
			developmentRegion = en;
			hasScannedForEncodings = 0;
			knownRegions = (
				en,
				Base,
			);
			mainGroup = 504EC2FB1FED79650016851F;
			packageReferences = (
				02802AE727FB6F5B00C9EE50 /* XCRemoteSwiftPackageReference "firebase-ios-sdk" */,
			);
			productRefGroup = 504EC3051FED79650016851F /* Products */;
			projectDirPath = "";
			projectRoot = "";
			targets = (
				504EC3031FED79650016851F /* App */,
			);
		};
/* End PBXProject section */

/* Begin PBXResourcesBuildPhase section */
		504EC3021FED79650016851F /* Resources */ = {
			isa = PBXResourcesBuildPhase;
			buildActionMask = 2147483647;
			files = (
				504EC3121FED79650016851F /* LaunchScreen.storyboard in Resources */,
				50B271D11FEDC1A000F3C39B /* public in Resources */,
				504EC30F1FED79650016851F /* Assets.xcassets in Resources */,
				50379B232058CBB4000EE86E /* capacitor.config.json in Resources */,
				504EC30D1FED79650016851F /* Main.storyboard in Resources */,
				2FAD9763203C412B000D30F8 /* config.xml in Resources */,
				02802AE627FB6F1600C9EE50 /* GoogleService-Info.plist in Resources */,
			);
			runOnlyForDeploymentPostprocessing = 0;
		};
/* End PBXResourcesBuildPhase section */

/* Begin PBXShellScriptBuildPhase section */
		6634F4EFEBD30273BCE97C65 /* [CP] Check Pods Manifest.lock */ = {
			isa = PBXShellScriptBuildPhase;
			buildActionMask = 2147483647;
			files = (
			);
			inputPaths = (
				"${PODS_PODFILE_DIR_PATH}/Podfile.lock",
				"${PODS_ROOT}/Manifest.lock",
			);
			name = "[CP] Check Pods Manifest.lock";
			outputPaths = (
				"$(DERIVED_FILE_DIR)/Pods-App-checkManifestLockResult.txt",
			);
			runOnlyForDeploymentPostprocessing = 0;
			shellPath = /bin/sh;
			shellScript = "diff \"${PODS_PODFILE_DIR_PATH}/Podfile.lock\" \"${PODS_ROOT}/Manifest.lock\" > /dev/null\nif [ $? != 0 ] ; then\n    # print error to STDERR\n    echo \"error: The sandbox is not in sync with the Podfile.lock. Run 'pod install' or update your CocoaPods installation.\" >&2\n    exit 1\nfi\n# This output is used by Xcode 'outputs' to avoid re-running this script phase.\necho \"SUCCESS\" > \"${SCRIPT_OUTPUT_FILE_0}\"\n";
			showEnvVarsInLog = 0;
		};
		9592DBEFFC6D2A0C8D5DEB22 /* [CP] Embed Pods Frameworks */ = {
			isa = PBXShellScriptBuildPhase;
			buildActionMask = 2147483647;
			files = (
			);
			inputPaths = (
			);
			name = "[CP] Embed Pods Frameworks";
			outputPaths = (
			);
			runOnlyForDeploymentPostprocessing = 0;
			shellPath = /bin/sh;
			shellScript = "\"${PODS_ROOT}/Target Support Files/Pods-App/Pods-App-frameworks.sh\"\n";
			showEnvVarsInLog = 0;
		};
/* End PBXShellScriptBuildPhase section */

/* Begin PBXSourcesBuildPhase section */
		504EC3001FED79650016851F /* Sources */ = {
			isa = PBXSourcesBuildPhase;
			buildActionMask = 2147483647;
			files = (
				504EC3081FED79650016851F /* AppDelegate.swift in Sources */,
			);
			runOnlyForDeploymentPostprocessing = 0;
		};
/* End PBXSourcesBuildPhase section */

/* Begin PBXVariantGroup section */
		504EC30B1FED79650016851F /* Main.storyboard */ = {
			isa = PBXVariantGroup;
			children = (
				504EC30C1FED79650016851F /* Base */,
			);
			name = Main.storyboard;
			sourceTree = "<group>";
		};
		504EC3101FED79650016851F /* LaunchScreen.storyboard */ = {
			isa = PBXVariantGroup;
			children = (
				504EC3111FED79650016851F /* Base */,
			);
			name = LaunchScreen.storyboard;
			sourceTree = "<group>";
		};
/* End PBXVariantGroup section */

/* Begin XCBuildConfiguration section */
		504EC3141FED79650016851F /* Debug */ = {
			isa = XCBuildConfiguration;
			buildSettings = {
				ALWAYS_SEARCH_USER_PATHS = NO;
				CLANG_ANALYZER_NONNULL = YES;
				CLANG_ANALYZER_NUMBER_OBJECT_CONVERSION = YES_AGGRESSIVE;
				CLANG_CXX_LANGUAGE_STANDARD = "gnu++14";
				CLANG_CXX_LIBRARY = "libc++";
				CLANG_ENABLE_MODULES = YES;
				CLANG_ENABLE_OBJC_ARC = YES;
				CLANG_WARN_BLOCK_CAPTURE_AUTORELEASING = YES;
				CLANG_WARN_BOOL_CONVERSION = YES;
				CLANG_WARN_COMMA = YES;
				CLANG_WARN_CONSTANT_CONVERSION = YES;
				CLANG_WARN_DEPRECATED_OBJC_IMPLEMENTATIONS = YES;
				CLANG_WARN_DIRECT_OBJC_ISA_USAGE = YES_ERROR;
				CLANG_WARN_DOCUMENTATION_COMMENTS = YES;
				CLANG_WARN_EMPTY_BODY = YES;
				CLANG_WARN_ENUM_CONVERSION = YES;
				CLANG_WARN_INFINITE_RECURSION = YES;
				CLANG_WARN_INT_CONVERSION = YES;
				CLANG_WARN_NON_LITERAL_NULL_CONVERSION = YES;
				CLANG_WARN_OBJC_IMPLICIT_RETAIN_SELF = YES;
				CLANG_WARN_OBJC_LITERAL_CONVERSION = YES;
				CLANG_WARN_OBJC_ROOT_CLASS = YES_ERROR;
				CLANG_WARN_QUOTED_INCLUDE_IN_FRAMEWORK_HEADER = YES;
				CLANG_WARN_RANGE_LOOP_ANALYSIS = YES;
				CLANG_WARN_STRICT_PROTOTYPES = YES;
				CLANG_WARN_SUSPICIOUS_MOVE = YES;
				CLANG_WARN_UNGUARDED_AVAILABILITY = YES_AGGRESSIVE;
				CLANG_WARN_UNREACHABLE_CODE = YES;
				CLANG_WARN__DUPLICATE_METHOD_MATCH = YES;
				CODE_SIGN_IDENTITY = "iPhone Developer";
				COPY_PHASE_STRIP = NO;
				DEBUG_INFORMATION_FORMAT = dwarf;
				ENABLE_STRICT_OBJC_MSGSEND = YES;
				ENABLE_TESTABILITY = YES;
				GCC_C_LANGUAGE_STANDARD = gnu11;
				GCC_DYNAMIC_NO_PIC = NO;
				GCC_NO_COMMON_BLOCKS = YES;
				GCC_OPTIMIZATION_LEVEL = 0;
				GCC_PREPROCESSOR_DEFINITIONS = (
					"DEBUG=1",
					"$(inherited)",
				);
				GCC_WARN_64_TO_32_BIT_CONVERSION = YES;
				GCC_WARN_ABOUT_RETURN_TYPE = YES_ERROR;
				GCC_WARN_UNDECLARED_SELECTOR = YES;
				GCC_WARN_UNINITIALIZED_AUTOS = YES_AGGRESSIVE;
				GCC_WARN_UNUSED_FUNCTION = YES;
				GCC_WARN_UNUSED_VARIABLE = YES;
				IPHONEOS_DEPLOYMENT_TARGET = 12.0;
				MTL_ENABLE_DEBUG_INFO = YES;
				ONLY_ACTIVE_ARCH = YES;
				SDKROOT = iphoneos;
				SWIFT_ACTIVE_COMPILATION_CONDITIONS = DEBUG;
				SWIFT_OPTIMIZATION_LEVEL = "-Onone";
			};
			name = Debug;
		};
		504EC3151FED79650016851F /* Release */ = {
			isa = XCBuildConfiguration;
			buildSettings = {
				ALWAYS_SEARCH_USER_PATHS = NO;
				CLANG_ANALYZER_NONNULL = YES;
				CLANG_ANALYZER_NUMBER_OBJECT_CONVERSION = YES_AGGRESSIVE;
				CLANG_CXX_LANGUAGE_STANDARD = "gnu++14";
				CLANG_CXX_LIBRARY = "libc++";
				CLANG_ENABLE_MODULES = YES;
				CLANG_ENABLE_OBJC_ARC = YES;
				CLANG_WARN_BLOCK_CAPTURE_AUTORELEASING = YES;
				CLANG_WARN_BOOL_CONVERSION = YES;
				CLANG_WARN_COMMA = YES;
				CLANG_WARN_CONSTANT_CONVERSION = YES;
				CLANG_WARN_DEPRECATED_OBJC_IMPLEMENTATIONS = YES;
				CLANG_WARN_DIRECT_OBJC_ISA_USAGE = YES_ERROR;
				CLANG_WARN_DOCUMENTATION_COMMENTS = YES;
				CLANG_WARN_EMPTY_BODY = YES;
				CLANG_WARN_ENUM_CONVERSION = YES;
				CLANG_WARN_INFINITE_RECURSION = YES;
				CLANG_WARN_INT_CONVERSION = YES;
				CLANG_WARN_NON_LITERAL_NULL_CONVERSION = YES;
				CLANG_WARN_OBJC_IMPLICIT_RETAIN_SELF = YES;
				CLANG_WARN_OBJC_LITERAL_CONVERSION = YES;
				CLANG_WARN_OBJC_ROOT_CLASS = YES_ERROR;
				CLANG_WARN_QUOTED_INCLUDE_IN_FRAMEWORK_HEADER = YES;
				CLANG_WARN_RANGE_LOOP_ANALYSIS = YES;
				CLANG_WARN_STRICT_PROTOTYPES = YES;
				CLANG_WARN_SUSPICIOUS_MOVE = YES;
				CLANG_WARN_UNGUARDED_AVAILABILITY = YES_AGGRESSIVE;
				CLANG_WARN_UNREACHABLE_CODE = YES;
				CLANG_WARN__DUPLICATE_METHOD_MATCH = YES;
				CODE_SIGN_IDENTITY = "iPhone Developer";
				COPY_PHASE_STRIP = NO;
				DEBUG_INFORMATION_FORMAT = "dwarf-with-dsym";
				ENABLE_NS_ASSERTIONS = NO;
				ENABLE_STRICT_OBJC_MSGSEND = YES;
				GCC_C_LANGUAGE_STANDARD = gnu11;
				GCC_NO_COMMON_BLOCKS = YES;
				GCC_WARN_64_TO_32_BIT_CONVERSION = YES;
				GCC_WARN_ABOUT_RETURN_TYPE = YES_ERROR;
				GCC_WARN_UNDECLARED_SELECTOR = YES;
				GCC_WARN_UNINITIALIZED_AUTOS = YES_AGGRESSIVE;
				GCC_WARN_UNUSED_FUNCTION = YES;
				GCC_WARN_UNUSED_VARIABLE = YES;
				IPHONEOS_DEPLOYMENT_TARGET = 12.0;
				MTL_ENABLE_DEBUG_INFO = NO;
				SDKROOT = iphoneos;
				SWIFT_COMPILATION_MODE = wholemodule;
				SWIFT_OPTIMIZATION_LEVEL = "-O";
				VALIDATE_PRODUCT = YES;
			};
			name = Release;
		};
		504EC3171FED79650016851F /* Debug */ = {
			isa = XCBuildConfiguration;
			baseConfigurationReference = FC68EB0AF532CFC21C3344DD /* Pods-App.debug.xcconfig */;
			buildSettings = {
				ASSETCATALOG_COMPILER_APPICON_NAME = AppIcon;
				CODE_SIGN_STYLE = Automatic;
				DEVELOPMENT_TEAM = 57S76YYT98;
				INFOPLIST_FILE = App/Info.plist;
				IPHONEOS_DEPLOYMENT_TARGET = 12.0;
				LD_RUNPATH_SEARCH_PATHS = (
					"$(inherited)",
					"@executable_path/Frameworks",
				);
				OTHER_SWIFT_FLAGS = "$(inherited) \"-D\" \"COCOAPODS\" \"-DDEBUG\"";
				PRODUCT_BUNDLE_IDENTIFIER = com.LCstate.shuttle;
				PRODUCT_NAME = "$(TARGET_NAME)";
				SWIFT_ACTIVE_COMPILATION_CONDITIONS = DEBUG;
				SWIFT_VERSION = 5.0;
				TARGETED_DEVICE_FAMILY = "1,2";
			};
			name = Debug;
		};
		504EC3181FED79650016851F /* Release */ = {
			isa = XCBuildConfiguration;
			baseConfigurationReference = AF51FD2D460BCFE21FA515B2 /* Pods-App.release.xcconfig */;
			buildSettings = {
				ASSETCATALOG_COMPILER_APPICON_NAME = AppIcon;
				CODE_SIGN_STYLE = Automatic;
				DEVELOPMENT_TEAM = 57S76YYT98;
				INFOPLIST_FILE = App/Info.plist;
				IPHONEOS_DEPLOYMENT_TARGET = 12.0;
				LD_RUNPATH_SEARCH_PATHS = (
					"$(inherited)",
					"@executable_path/Frameworks",
				);
				PRODUCT_BUNDLE_IDENTIFIER = com.LCstate.shuttle;
				PRODUCT_NAME = "$(TARGET_NAME)";
				SWIFT_ACTIVE_COMPILATION_CONDITIONS = "";
				SWIFT_VERSION = 5.0;
				TARGETED_DEVICE_FAMILY = "1,2";
			};
			name = Release;
		};
/* End XCBuildConfiguration section */

/* Begin XCConfigurationList section */
		504EC2FF1FED79650016851F /* Build configuration list for PBXProject "App" */ = {
			isa = XCConfigurationList;
			buildConfigurations = (
				504EC3141FED79650016851F /* Debug */,
				504EC3151FED79650016851F /* Release */,
			);
			defaultConfigurationIsVisible = 0;
			defaultConfigurationName = Release;
		};
		504EC3161FED79650016851F /* Build configuration list for PBXNativeTarget "App" */ = {
			isa = XCConfigurationList;
			buildConfigurations = (
				504EC3171FED79650016851F /* Debug */,
				504EC3181FED79650016851F /* Release */,
			);
			defaultConfigurationIsVisible = 0;
			defaultConfigurationName = Release;
		};
/* End XCConfigurationList section */

/* Begin XCRemoteSwiftPackageReference section */
		02802AE727FB6F5B00C9EE50 /* XCRemoteSwiftPackageReference "firebase-ios-sdk" */ = {
			isa = XCRemoteSwiftPackageReference;
			repositoryURL = "https://github.com/firebase/firebase-ios-sdk";
			requirement = {
				branch = master;
				kind = branch;
			};
		};
/* End XCRemoteSwiftPackageReference section */

/* Begin XCSwiftPackageProductDependency section */
		02802AE827FB6F5B00C9EE50 /* FirebaseAnalytics */ = {
			isa = XCSwiftPackageProductDependency;
			package = 02802AE727FB6F5B00C9EE50 /* XCRemoteSwiftPackageReference "firebase-ios-sdk" */;
			productName = FirebaseAnalytics;
		};
		02802AEA27FB6F5B00C9EE50 /* FirebaseAnalyticsSwift-Beta */ = {
			isa = XCSwiftPackageProductDependency;
			package = 02802AE727FB6F5B00C9EE50 /* XCRemoteSwiftPackageReference "firebase-ios-sdk" */;
			productName = "FirebaseAnalyticsSwift-Beta";
		};
		02802AEC27FB6F5B00C9EE50 /* FirebaseAnalyticsWithoutAdIdSupport */ = {
			isa = XCSwiftPackageProductDependency;
			package = 02802AE727FB6F5B00C9EE50 /* XCRemoteSwiftPackageReference "firebase-ios-sdk" */;
			productName = FirebaseAnalyticsWithoutAdIdSupport;
		};
		02802AEE27FB6F5B00C9EE50 /* FirebaseAppCheck */ = {
			isa = XCSwiftPackageProductDependency;
			package = 02802AE727FB6F5B00C9EE50 /* XCRemoteSwiftPackageReference "firebase-ios-sdk" */;
			productName = FirebaseAppCheck;
		};
		02802AF027FB6F5B00C9EE50 /* FirebaseAppDistribution-Beta */ = {
			isa = XCSwiftPackageProductDependency;
			package = 02802AE727FB6F5B00C9EE50 /* XCRemoteSwiftPackageReference "firebase-ios-sdk" */;
			productName = "FirebaseAppDistribution-Beta";
		};
		02802AF227FB6F5B00C9EE50 /* FirebaseAuth */ = {
			isa = XCSwiftPackageProductDependency;
			package = 02802AE727FB6F5B00C9EE50 /* XCRemoteSwiftPackageReference "firebase-ios-sdk" */;
			productName = FirebaseAuth;
		};
		02802AF427FB6F5B00C9EE50 /* FirebaseAuthCombine-Community */ = {
			isa = XCSwiftPackageProductDependency;
			package = 02802AE727FB6F5B00C9EE50 /* XCRemoteSwiftPackageReference "firebase-ios-sdk" */;
			productName = "FirebaseAuthCombine-Community";
		};
		02802AF627FB6F5B00C9EE50 /* FirebaseCrashlytics */ = {
			isa = XCSwiftPackageProductDependency;
			package = 02802AE727FB6F5B00C9EE50 /* XCRemoteSwiftPackageReference "firebase-ios-sdk" */;
			productName = FirebaseCrashlytics;
		};
		02802AF827FB6F5B00C9EE50 /* FirebaseDatabase */ = {
			isa = XCSwiftPackageProductDependency;
			package = 02802AE727FB6F5B00C9EE50 /* XCRemoteSwiftPackageReference "firebase-ios-sdk" */;
			productName = FirebaseDatabase;
		};
		02802AFA27FB6F5B00C9EE50 /* FirebaseDatabaseSwift-Beta */ = {
			isa = XCSwiftPackageProductDependency;
			package = 02802AE727FB6F5B00C9EE50 /* XCRemoteSwiftPackageReference "firebase-ios-sdk" */;
			productName = "FirebaseDatabaseSwift-Beta";
		};
		02802AFC27FB6F5B00C9EE50 /* FirebaseDynamicLinks */ = {
			isa = XCSwiftPackageProductDependency;
			package = 02802AE727FB6F5B00C9EE50 /* XCRemoteSwiftPackageReference "firebase-ios-sdk" */;
			productName = FirebaseDynamicLinks;
		};
		02802AFE27FB6F5B00C9EE50 /* FirebaseFirestore */ = {
			isa = XCSwiftPackageProductDependency;
			package = 02802AE727FB6F5B00C9EE50 /* XCRemoteSwiftPackageReference "firebase-ios-sdk" */;
			productName = FirebaseFirestore;
		};
		02802B0027FB6F5B00C9EE50 /* FirebaseFirestoreCombine-Community */ = {
			isa = XCSwiftPackageProductDependency;
			package = 02802AE727FB6F5B00C9EE50 /* XCRemoteSwiftPackageReference "firebase-ios-sdk" */;
			productName = "FirebaseFirestoreCombine-Community";
		};
		02802B0227FB6F5B00C9EE50 /* FirebaseFirestoreSwift-Beta */ = {
			isa = XCSwiftPackageProductDependency;
			package = 02802AE727FB6F5B00C9EE50 /* XCRemoteSwiftPackageReference "firebase-ios-sdk" */;
			productName = "FirebaseFirestoreSwift-Beta";
		};
		02802B0427FB6F5B00C9EE50 /* FirebaseFunctions */ = {
			isa = XCSwiftPackageProductDependency;
			package = 02802AE727FB6F5B00C9EE50 /* XCRemoteSwiftPackageReference "firebase-ios-sdk" */;
			productName = FirebaseFunctions;
		};
		02802B0627FB6F5B00C9EE50 /* FirebaseFunctionsCombine-Community */ = {
			isa = XCSwiftPackageProductDependency;
			package = 02802AE727FB6F5B00C9EE50 /* XCRemoteSwiftPackageReference "firebase-ios-sdk" */;
			productName = "FirebaseFunctionsCombine-Community";
		};
		02802B0827FB6F5B00C9EE50 /* FirebaseFunctionsSwift-Beta */ = {
			isa = XCSwiftPackageProductDependency;
			package = 02802AE727FB6F5B00C9EE50 /* XCRemoteSwiftPackageReference "firebase-ios-sdk" */;
			productName = "FirebaseFunctionsSwift-Beta";
		};
		02802B0A27FB6F5B00C9EE50 /* FirebaseInAppMessaging-Beta */ = {
			isa = XCSwiftPackageProductDependency;
			package = 02802AE727FB6F5B00C9EE50 /* XCRemoteSwiftPackageReference "firebase-ios-sdk" */;
			productName = "FirebaseInAppMessaging-Beta";
		};
		02802B0C27FB6F5B00C9EE50 /* FirebaseInAppMessagingSwift-Beta */ = {
			isa = XCSwiftPackageProductDependency;
			package = 02802AE727FB6F5B00C9EE50 /* XCRemoteSwiftPackageReference "firebase-ios-sdk" */;
			productName = "FirebaseInAppMessagingSwift-Beta";
		};
		02802B0E27FB6F5B00C9EE50 /* FirebaseInstallations */ = {
			isa = XCSwiftPackageProductDependency;
			package = 02802AE727FB6F5B00C9EE50 /* XCRemoteSwiftPackageReference "firebase-ios-sdk" */;
			productName = FirebaseInstallations;
		};
		02802B1027FB6F5C00C9EE50 /* FirebaseMLModelDownloader */ = {
			isa = XCSwiftPackageProductDependency;
			package = 02802AE727FB6F5B00C9EE50 /* XCRemoteSwiftPackageReference "firebase-ios-sdk" */;
			productName = FirebaseMLModelDownloader;
		};
		02802B1227FB6F5C00C9EE50 /* FirebaseMessaging */ = {
			isa = XCSwiftPackageProductDependency;
			package = 02802AE727FB6F5B00C9EE50 /* XCRemoteSwiftPackageReference "firebase-ios-sdk" */;
			productName = FirebaseMessaging;
		};
		02802B1427FB6F5C00C9EE50 /* FirebasePerformance */ = {
			isa = XCSwiftPackageProductDependency;
			package = 02802AE727FB6F5B00C9EE50 /* XCRemoteSwiftPackageReference "firebase-ios-sdk" */;
			productName = FirebasePerformance;
		};
		02802B1627FB6F5C00C9EE50 /* FirebaseRemoteConfig */ = {
			isa = XCSwiftPackageProductDependency;
			package = 02802AE727FB6F5B00C9EE50 /* XCRemoteSwiftPackageReference "firebase-ios-sdk" */;
			productName = FirebaseRemoteConfig;
		};
		02802B1827FB6F5C00C9EE50 /* FirebaseRemoteConfigSwift-Beta */ = {
			isa = XCSwiftPackageProductDependency;
			package = 02802AE727FB6F5B00C9EE50 /* XCRemoteSwiftPackageReference "firebase-ios-sdk" */;
			productName = "FirebaseRemoteConfigSwift-Beta";
		};
		02802B1A27FB6F5C00C9EE50 /* FirebaseStorage */ = {
			isa = XCSwiftPackageProductDependency;
			package = 02802AE727FB6F5B00C9EE50 /* XCRemoteSwiftPackageReference "firebase-ios-sdk" */;
			productName = FirebaseStorage;
		};
		02802B1C27FB6F5C00C9EE50 /* FirebaseStorageCombine-Community */ = {
			isa = XCSwiftPackageProductDependency;
			package = 02802AE727FB6F5B00C9EE50 /* XCRemoteSwiftPackageReference "firebase-ios-sdk" */;
			productName = "FirebaseStorageCombine-Community";
		};
		02802B1E27FB6F5C00C9EE50 /* FirebaseStorageSwift-Beta */ = {
			isa = XCSwiftPackageProductDependency;
			package = 02802AE727FB6F5B00C9EE50 /* XCRemoteSwiftPackageReference "firebase-ios-sdk" */;
			productName = "FirebaseStorageSwift-Beta";
		};
/* End XCSwiftPackageProductDependency section */
	};
	rootObject = 504EC2FC1FED79650016851F /* Project object */;
}
